
Microsoft Visual Studio Solution File, Format Version 12.00
# Visual Studio Version 16
VisualStudioVersion = 16.0.29411.108
MinimumVisualStudioVersion = 10.0.40219.1
Project("{FAE04EC0-301F-11D3-BF4B-00C04F79EFBC}") = "OpenSTSM", "OpenSTSM\OpenSTSM.csproj", "{1B4CDDCB-AA5D-4089-8F00-4103488487DF}"
EndProject
Global
	GlobalSection(SolutionConfigurationPlatforms) = preSolution
		Debug|Any CPU = Debug|Any CPU
		Release|Any CPU = Release|Any CPU
	EndGlobalSection
	GlobalSection(ProjectConfigurationPlatforms) = postSolution
		{1B4CDDCB-AA5D-4089-8F00-4103488487DF}.Debug|Any CPU.ActiveCfg = Debug|Any CPU
		{1B4CDDCB-AA5D-4089-8F00-4103488487DF}.Debug|Any CPU.Build.0 = Debug|Any CPU
		{1B4CDDCB-AA5D-4089-8F00-4103488487DF}.Release|Any CPU.ActiveCfg = Release|Any CPU
		{1B4CDDCB-AA5D-4089-8F00-4103488487DF}.Release|Any CPU.Build.0 = Release|Any CPU
	EndGlobalSection
	GlobalSection(SolutionProperties) = preSolution
		HideSolutionNode = FALSE
	EndGlobalSection
	GlobalSection(ExtensibilityGlobals) = postSolution
		SolutionGuid = {BDE3791F-FDA9-487A-941A-E6C3E12F4EAB}
	EndGlobalSection
EndGlobal
