
Microsoft Visual Studio Solution File, Format Version 12.00
# Visual Studio Version 16
VisualStudioVersion = 16.0.29411.108
MinimumVisualStudioVersion = 10.0.40219.1
Project("{FAE04EC0-301F-11D3-BF4B-00C04F79EFBC}") = "OpenSTSM", "OpenSTSM\OpenSTSM.csproj", "{1B4CDDCB-AA5D-4089-8F00-4103488487DF}"
EndProject
Project("{2150E333-8FDC-42A3-9474-1A3956D46DE8}") = "NetworkUIComponents", "NetworkUIComponents", "{EF775CAC-DA67-4BA7-BD23-5EF2F118D1BF}"
EndProject
Project("{FAE04EC0-301F-11D3-BF4B-00C04F79EFBC}") = "AdornedControl", "AdornedControl\AdornedControl.csproj", "{94B81CB7-F8A6-44BC-BD71-E927F701E0D8}"
EndProject
Project("{FAE04EC0-301F-11D3-BF4B-00C04F79EFBC}") = "NetworkModel", "NetworkModel\NetworkModel.csproj", "{669475DA-8F89-4657-B917-0B0C126BCD1D}"
EndProject
Project("{FAE04EC0-301F-11D3-BF4B-00C04F79EFBC}") = "NetworkUI", "NetworkUI\NetworkUI.csproj", "{B7CA1480-C144-40AC-AB97-A626F800D5B4}"
EndProject
Project("{FAE04EC0-301F-11D3-BF4B-00C04F79EFBC}") = "Utils", "Utils\Utils.csproj", "{E7D6707B-D6EF-4FA8-9374-DC3B7D3CDFD6}"
EndProject
Project("{FAE04EC0-301F-11D3-BF4B-00C04F79EFBC}") = "ZoomAndPan", "ZoomAndPan\ZoomAndPan.csproj", "{468ADEDE-6F5E-40C0-99C9-C6DAC4FAC934}"
EndProject
Project("{2150E333-8FDC-42A3-9474-1A3956D46DE8}") = "IpcEngine", "IpcEngine", "{9AC27C32-B344-46E0-9C29-D8C3DA9BB402}"
EndProject
Project("{FAE04EC0-301F-11D3-BF4B-00C04F79EFBC}") = "IpcPythonCS.Engine.CSharp", "IpcPythonCS.Engine.CSharp\IpcPythonCS.Engine.CSharp.csproj", "{1E3EEA90-0546-44C3-9513-799999592B77}"
EndProject
Project("{888888A0-9F3D-457C-B088-3A5042F75D52}") = "IpcPythonCS.Engine.Python", "IpcPythonCS.Engine.Python\IpcPythonCS.Engine.Python.pyproj", "{26D0B153-6D3C-43C6-87B9-F582C06FED97}"
EndProject
Project("{FAE04EC0-301F-11D3-BF4B-00C04F79EFBC}") = "OpenSTSM.Test", "OpenSTSM.Test\OpenSTSM.Test.csproj", "{E1526904-AE0D-4D79-9176-D2157D2C7D57}"
EndProject
Global
	GlobalSection(SolutionConfigurationPlatforms) = preSolution
		Debug|Any CPU = Debug|Any CPU
		Release|Any CPU = Release|Any CPU
	EndGlobalSection
	GlobalSection(ProjectConfigurationPlatforms) = postSolution
		{1B4CDDCB-AA5D-4089-8F00-4103488487DF}.Debug|Any CPU.ActiveCfg = Debug|Any CPU
		{1B4CDDCB-AA5D-4089-8F00-4103488487DF}.Debug|Any CPU.Build.0 = Debug|Any CPU
		{1B4CDDCB-AA5D-4089-8F00-4103488487DF}.Release|Any CPU.ActiveCfg = Release|Any CPU
		{1B4CDDCB-AA5D-4089-8F00-4103488487DF}.Release|Any CPU.Build.0 = Release|Any CPU
		{94B81CB7-F8A6-44BC-BD71-E927F701E0D8}.Debug|Any CPU.ActiveCfg = Debug|Any CPU
		{94B81CB7-F8A6-44BC-BD71-E927F701E0D8}.Debug|Any CPU.Build.0 = Debug|Any CPU
		{94B81CB7-F8A6-44BC-BD71-E927F701E0D8}.Release|Any CPU.ActiveCfg = Release|Any CPU
		{94B81CB7-F8A6-44BC-BD71-E927F701E0D8}.Release|Any CPU.Build.0 = Release|Any CPU
		{669475DA-8F89-4657-B917-0B0C126BCD1D}.Debug|Any CPU.ActiveCfg = Debug|Any CPU
		{669475DA-8F89-4657-B917-0B0C126BCD1D}.Debug|Any CPU.Build.0 = Debug|Any CPU
		{669475DA-8F89-4657-B917-0B0C126BCD1D}.Release|Any CPU.ActiveCfg = Release|Any CPU
		{669475DA-8F89-4657-B917-0B0C126BCD1D}.Release|Any CPU.Build.0 = Release|Any CPU
		{B7CA1480-C144-40AC-AB97-A626F800D5B4}.Debug|Any CPU.ActiveCfg = Debug|Any CPU
		{B7CA1480-C144-40AC-AB97-A626F800D5B4}.Debug|Any CPU.Build.0 = Debug|Any CPU
		{B7CA1480-C144-40AC-AB97-A626F800D5B4}.Release|Any CPU.ActiveCfg = Release|Any CPU
		{B7CA1480-C144-40AC-AB97-A626F800D5B4}.Release|Any CPU.Build.0 = Release|Any CPU
		{E7D6707B-D6EF-4FA8-9374-DC3B7D3CDFD6}.Debug|Any CPU.ActiveCfg = Debug|Any CPU
		{E7D6707B-D6EF-4FA8-9374-DC3B7D3CDFD6}.Debug|Any CPU.Build.0 = Debug|Any CPU
		{E7D6707B-D6EF-4FA8-9374-DC3B7D3CDFD6}.Release|Any CPU.ActiveCfg = Release|Any CPU
		{E7D6707B-D6EF-4FA8-9374-DC3B7D3CDFD6}.Release|Any CPU.Build.0 = Release|Any CPU
		{468ADEDE-6F5E-40C0-99C9-C6DAC4FAC934}.Debug|Any CPU.ActiveCfg = Debug|Any CPU
		{468ADEDE-6F5E-40C0-99C9-C6DAC4FAC934}.Debug|Any CPU.Build.0 = Debug|Any CPU
		{468ADEDE-6F5E-40C0-99C9-C6DAC4FAC934}.Release|Any CPU.ActiveCfg = Release|Any CPU
		{468ADEDE-6F5E-40C0-99C9-C6DAC4FAC934}.Release|Any CPU.Build.0 = Release|Any CPU
		{1E3EEA90-0546-44C3-9513-799999592B77}.Debug|Any CPU.ActiveCfg = Debug|Any CPU
		{1E3EEA90-0546-44C3-9513-799999592B77}.Debug|Any CPU.Build.0 = Debug|Any CPU
		{1E3EEA90-0546-44C3-9513-799999592B77}.Release|Any CPU.ActiveCfg = Release|Any CPU
		{1E3EEA90-0546-44C3-9513-799999592B77}.Release|Any CPU.Build.0 = Release|Any CPU
		{26D0B153-6D3C-43C6-87B9-F582C06FED97}.Debug|Any CPU.ActiveCfg = Debug|Any CPU
		{26D0B153-6D3C-43C6-87B9-F582C06FED97}.Release|Any CPU.ActiveCfg = Release|Any CPU
		{E1526904-AE0D-4D79-9176-D2157D2C7D57}.Debug|Any CPU.ActiveCfg = Debug|Any CPU
		{E1526904-AE0D-4D79-9176-D2157D2C7D57}.Debug|Any CPU.Build.0 = Debug|Any CPU
		{E1526904-AE0D-4D79-9176-D2157D2C7D57}.Release|Any CPU.ActiveCfg = Release|Any CPU
		{E1526904-AE0D-4D79-9176-D2157D2C7D57}.Release|Any CPU.Build.0 = Release|Any CPU
	EndGlobalSection
	GlobalSection(SolutionProperties) = preSolution
		HideSolutionNode = FALSE
	EndGlobalSection
	GlobalSection(NestedProjects) = preSolution
		{94B81CB7-F8A6-44BC-BD71-E927F701E0D8} = {EF775CAC-DA67-4BA7-BD23-5EF2F118D1BF}
		{669475DA-8F89-4657-B917-0B0C126BCD1D} = {EF775CAC-DA67-4BA7-BD23-5EF2F118D1BF}
		{B7CA1480-C144-40AC-AB97-A626F800D5B4} = {EF775CAC-DA67-4BA7-BD23-5EF2F118D1BF}
		{E7D6707B-D6EF-4FA8-9374-DC3B7D3CDFD6} = {EF775CAC-DA67-4BA7-BD23-5EF2F118D1BF}
		{468ADEDE-6F5E-40C0-99C9-C6DAC4FAC934} = {EF775CAC-DA67-4BA7-BD23-5EF2F118D1BF}
		{1E3EEA90-0546-44C3-9513-799999592B77} = {9AC27C32-B344-46E0-9C29-D8C3DA9BB402}
		{26D0B153-6D3C-43C6-87B9-F582C06FED97} = {9AC27C32-B344-46E0-9C29-D8C3DA9BB402}
	EndGlobalSection
	GlobalSection(ExtensibilityGlobals) = postSolution
		SolutionGuid = {BDE3791F-FDA9-487A-941A-E6C3E12F4EAB}
	EndGlobalSection
EndGlobal
